
Microsoft Visual Studio Solution File, Format Version 12.00
# Visual Studio Version 17
VisualStudioVersion = 17.7.34031.279
MinimumVisualStudioVersion = 10.0.40219.1
Project("{9A19103F-16F7-4668-BE54-9A1E7A4F7556}") = "Lab01", "Lab01\Lab01.csproj", "{27B5B34C-827E-4548-854E-6F4FF900D5F4}"
EndProject
Project("{9A19103F-16F7-4668-BE54-9A1E7A4F7556}") = "Lab02", "Lab02\Lab02.csproj", "{A5EF13BF-3E9A-45A6-B5E3-CF1710A69951}"
EndProject
Project("{9A19103F-16F7-4668-BE54-9A1E7A4F7556}") = "COMP306_ShuJin_Lab2", "COMP306_ShuJin_Lab2\COMP306_ShuJin_Lab2.csproj", "{15D807FC-322C-49DE-9E8E-4164B6DBDCFC}"
EndProject
Project("{9A19103F-16F7-4668-BE54-9A1E7A4F7556}") = "Lab3_v0", "Lab3_v0\Lab3_v0.csproj", "{1DEBD6D1-5BBA-4320-986E-3A976A16F702}"
EndProject
Project("{9A19103F-16F7-4668-BE54-9A1E7A4F7556}") = "WebAppAccess2RDS", "WebAppAccess2RDS\WebAppAccess2RDS.csproj", "{CA311516-9409-4EC8-923C-67E7D1C5C4DF}"
EndProject
Project("{9A19103F-16F7-4668-BE54-9A1E7A4F7556}") = "Lab03", "Lab03\Lab03.csproj", "{95F494AF-2781-4A97-8189-DBF60240B540}"
EndProject
Project("{FAE04EC0-301F-11D3-BF4B-00C04F79EFBC}") = "COMP306_ShuJin_Project1", "COMP306_ShuJin_Project1\COMP306_ShuJin_Project1.csproj", "{336442AE-3DA7-4D87-82A8-5CD30BBA9044}"
EndProject
Global
	GlobalSection(SolutionConfigurationPlatforms) = preSolution
		Debug|Any CPU = Debug|Any CPU
		Release|Any CPU = Release|Any CPU
	EndGlobalSection
	GlobalSection(ProjectConfigurationPlatforms) = postSolution
		{27B5B34C-827E-4548-854E-6F4FF900D5F4}.Debug|Any CPU.ActiveCfg = Debug|Any CPU
		{27B5B34C-827E-4548-854E-6F4FF900D5F4}.Debug|Any CPU.Build.0 = Debug|Any CPU
		{27B5B34C-827E-4548-854E-6F4FF900D5F4}.Release|Any CPU.ActiveCfg = Release|Any CPU
		{27B5B34C-827E-4548-854E-6F4FF900D5F4}.Release|Any CPU.Build.0 = Release|Any CPU
		{A5EF13BF-3E9A-45A6-B5E3-CF1710A69951}.Debug|Any CPU.ActiveCfg = Debug|Any CPU
		{A5EF13BF-3E9A-45A6-B5E3-CF1710A69951}.Debug|Any CPU.Build.0 = Debug|Any CPU
		{A5EF13BF-3E9A-45A6-B5E3-CF1710A69951}.Release|Any CPU.ActiveCfg = Release|Any CPU
		{A5EF13BF-3E9A-45A6-B5E3-CF1710A69951}.Release|Any CPU.Build.0 = Release|Any CPU
		{15D807FC-322C-49DE-9E8E-4164B6DBDCFC}.Debug|Any CPU.ActiveCfg = Debug|Any CPU
		{15D807FC-322C-49DE-9E8E-4164B6DBDCFC}.Debug|Any CPU.Build.0 = Debug|Any CPU
		{15D807FC-322C-49DE-9E8E-4164B6DBDCFC}.Release|Any CPU.ActiveCfg = Release|Any CPU
		{15D807FC-322C-49DE-9E8E-4164B6DBDCFC}.Release|Any CPU.Build.0 = Release|Any CPU
		{1DEBD6D1-5BBA-4320-986E-3A976A16F702}.Debug|Any CPU.ActiveCfg = Debug|Any CPU
		{1DEBD6D1-5BBA-4320-986E-3A976A16F702}.Debug|Any CPU.Build.0 = Debug|Any CPU
		{1DEBD6D1-5BBA-4320-986E-3A976A16F702}.Release|Any CPU.ActiveCfg = Release|Any CPU
		{1DEBD6D1-5BBA-4320-986E-3A976A16F702}.Release|Any CPU.Build.0 = Release|Any CPU
		{CA311516-9409-4EC8-923C-67E7D1C5C4DF}.Debug|Any CPU.ActiveCfg = Debug|Any CPU
		{CA311516-9409-4EC8-923C-67E7D1C5C4DF}.Debug|Any CPU.Build.0 = Debug|Any CPU
		{CA311516-9409-4EC8-923C-67E7D1C5C4DF}.Release|Any CPU.ActiveCfg = Release|Any CPU
		{CA311516-9409-4EC8-923C-67E7D1C5C4DF}.Release|Any CPU.Build.0 = Release|Any CPU
		{95F494AF-2781-4A97-8189-DBF60240B540}.Debug|Any CPU.ActiveCfg = Debug|Any CPU
		{95F494AF-2781-4A97-8189-DBF60240B540}.Debug|Any CPU.Build.0 = Debug|Any CPU
		{95F494AF-2781-4A97-8189-DBF60240B540}.Release|Any CPU.ActiveCfg = Release|Any CPU
		{95F494AF-2781-4A97-8189-DBF60240B540}.Release|Any CPU.Build.0 = Release|Any CPU
		{336442AE-3DA7-4D87-82A8-5CD30BBA9044}.Debug|Any CPU.ActiveCfg = Debug|Any CPU
		{336442AE-3DA7-4D87-82A8-5CD30BBA9044}.Debug|Any CPU.Build.0 = Debug|Any CPU
		{336442AE-3DA7-4D87-82A8-5CD30BBA9044}.Release|Any CPU.ActiveCfg = Release|Any CPU
		{336442AE-3DA7-4D87-82A8-5CD30BBA9044}.Release|Any CPU.Build.0 = Release|Any CPU
	EndGlobalSection
	GlobalSection(SolutionProperties) = preSolution
		HideSolutionNode = FALSE
	EndGlobalSection
	GlobalSection(ExtensibilityGlobals) = postSolution
		SolutionGuid = {113001AE-A886-49EE-A32D-9DDEC1D1F353}
	EndGlobalSection
EndGlobal
