
Microsoft Visual Studio Solution File, Format Version 12.00
# Visual Studio Version 17
VisualStudioVersion = 17.7.34202.233
MinimumVisualStudioVersion = 10.0.40219.1
Project("{9A19103F-16F7-4668-BE54-9A1E7A4F7556}") = "IdentitySample.Mvc", "IdentitySample.Mvc.csproj", "{E3F178B4-441D-4596-BB35-1CCC55C70E11}"
EndProject
Global
	GlobalSection(SolutionConfigurationPlatforms) = preSolution
		Debug|Any CPU = Debug|Any CPU
		Release|Any CPU = Release|Any CPU
	EndGlobalSection
	GlobalSection(ProjectConfigurationPlatforms) = postSolution
		{E3F178B4-441D-4596-BB35-1CCC55C70E11}.Debug|Any CPU.ActiveCfg = Debug|Any CPU
		{E3F178B4-441D-4596-BB35-1CCC55C70E11}.Debug|Any CPU.Build.0 = Debug|Any CPU
		{E3F178B4-441D-4596-BB35-1CCC55C70E11}.Release|Any CPU.ActiveCfg = Release|Any CPU
		{E3F178B4-441D-4596-BB35-1CCC55C70E11}.Release|Any CPU.Build.0 = Release|Any CPU
	EndGlobalSection
	GlobalSection(SolutionProperties) = preSolution
		HideSolutionNode = FALSE
	EndGlobalSection
	GlobalSection(ExtensibilityGlobals) = postSolution
		SolutionGuid = {BD5A2B8E-998C-4BF2-A48B-3A7A3F15A31F}
	EndGlobalSection
EndGlobal
